// !$*UTF8*$!
{
	archiveVersion = 1;
	classes = {
	};
	objectVersion = 46;
	objects = {

/* Begin PBXBuildFile section */
		DED153591934BC2400F910F2 /* Foundation.framework in Frameworks */ = {isa = PBXBuildFile; fileRef = DED153581934BC2400F910F2 /* Foundation.framework */; };
		DED1535B1934BC2400F910F2 /* CoreGraphics.framework in Frameworks */ = {isa = PBXBuildFile; fileRef = DED1535A1934BC2400F910F2 /* CoreGraphics.framework */; };
		DED1535D1934BC2400F910F2 /* UIKit.framework in Frameworks */ = {isa = PBXBuildFile; fileRef = DED1535C1934BC2400F910F2 /* UIKit.framework */; };
		DED153631934BC2400F910F2 /* InfoPlist.strings in Resources */ = {isa = PBXBuildFile; fileRef = DED153611934BC2400F910F2 /* InfoPlist.strings */; };
		DED153651934BC2400F910F2 /* main.m in Sources */ = {isa = PBXBuildFile; fileRef = DED153641934BC2400F910F2 /* main.m */; };
		DED153691934BC2400F910F2 /* MPAppDelegate.m in Sources */ = {isa = PBXBuildFile; fileRef = DED153681934BC2400F910F2 /* MPAppDelegate.m */; };
		DED1536C1934BC2400F910F2 /* Main.storyboard in Resources */ = {isa = PBXBuildFile; fileRef = DED1536A1934BC2400F910F2 /* Main.storyboard */; };
		DED1536F1934BC2400F910F2 /* MPViewController.m in Sources */ = {isa = PBXBuildFile; fileRef = DED1536E1934BC2400F910F2 /* MPViewController.m */; };
		DED153711934BC2400F910F2 /* Images.xcassets in Resources */ = {isa = PBXBuildFile; fileRef = DED153701934BC2400F910F2 /* Images.xcassets */; };
		DED153781934BC2400F910F2 /* XCTest.framework in Frameworks */ = {isa = PBXBuildFile; fileRef = DED153771934BC2400F910F2 /* XCTest.framework */; };
		DED153791934BC2400F910F2 /* Foundation.framework in Frameworks */ = {isa = PBXBuildFile; fileRef = DED153581934BC2400F910F2 /* Foundation.framework */; };
		DED1537A1934BC2400F910F2 /* UIKit.framework in Frameworks */ = {isa = PBXBuildFile; fileRef = DED1535C1934BC2400F910F2 /* UIKit.framework */; };
		DED153821934BC2400F910F2 /* InfoPlist.strings in Resources */ = {isa = PBXBuildFile; fileRef = DED153801934BC2400F910F2 /* InfoPlist.strings */; };
		DED153841934BC2400F910F2 /* MPTextRevealTests.m in Sources */ = {isa = PBXBuildFile; fileRef = DED153831934BC2400F910F2 /* MPTextRevealTests.m */; };
		DED1538F1934BC3F00F910F2 /* MPTextReavealLabel.m in Sources */ = {isa = PBXBuildFile; fileRef = DED1538E1934BC3F00F910F2 /* MPTextReavealLabel.m */; };
/* End PBXBuildFile section */

/* Begin PBXContainerItemProxy section */
		DED1537B1934BC2400F910F2 /* PBXContainerItemProxy */ = {
			isa = PBXContainerItemProxy;
			containerPortal = DED1534D1934BC2400F910F2 /* Project object */;
			proxyType = 1;
			remoteGlobalIDString = DED153541934BC2400F910F2;
			remoteInfo = MPTextReveal;
		};
/* End PBXContainerItemProxy section */

/* Begin PBXFileReference section */
		DED153551934BC2400F910F2 /* MPTextReveal.app */ = {isa = PBXFileReference; explicitFileType = wrapper.application; includeInIndex = 0; path = MPTextReveal.app; sourceTree = BUILT_PRODUCTS_DIR; };
		DED153581934BC2400F910F2 /* Foundation.framework */ = {isa = PBXFileReference; lastKnownFileType = wrapper.framework; name = Foundation.framework; path = System/Library/Frameworks/Foundation.framework; sourceTree = SDKROOT; };
		DED1535A1934BC2400F910F2 /* CoreGraphics.framework */ = {isa = PBXFileReference; lastKnownFileType = wrapper.framework; name = CoreGraphics.framework; path = System/Library/Frameworks/CoreGraphics.framework; sourceTree = SDKROOT; };
		DED1535C1934BC2400F910F2 /* UIKit.framework */ = {isa = PBXFileReference; lastKnownFileType = wrapper.framework; name = UIKit.framework; path = System/Library/Frameworks/UIKit.framework; sourceTree = SDKROOT; };
		DED153601934BC2400F910F2 /* MPTextReveal-Info.plist */ = {isa = PBXFileReference; lastKnownFileType = text.plist.xml; path = "MPTextReveal-Info.plist"; sourceTree = "<group>"; };
		DED153621934BC2400F910F2 /* en */ = {isa = PBXFileReference; lastKnownFileType = text.plist.strings; name = en; path = en.lproj/InfoPlist.strings; sourceTree = "<group>"; };
		DED153641934BC2400F910F2 /* main.m */ = {isa = PBXFileReference; lastKnownFileType = sourcecode.c.objc; path = main.m; sourceTree = "<group>"; };
		DED153661934BC2400F910F2 /* MPTextReveal-Prefix.pch */ = {isa = PBXFileReference; lastKnownFileType = sourcecode.c.h; path = "MPTextReveal-Prefix.pch"; sourceTree = "<group>"; };
		DED153671934BC2400F910F2 /* MPAppDelegate.h */ = {isa = PBXFileReference; lastKnownFileType = sourcecode.c.h; path = MPAppDelegate.h; sourceTree = "<group>"; };
		DED153681934BC2400F910F2 /* MPAppDelegate.m */ = {isa = PBXFileReference; lastKnownFileType = sourcecode.c.objc; path = MPAppDelegate.m; sourceTree = "<group>"; };
		DED1536B1934BC2400F910F2 /* Base */ = {isa = PBXFileReference; lastKnownFileType = file.storyboard; name = Base; path = Base.lproj/Main.storyboard; sourceTree = "<group>"; };
		DED1536D1934BC2400F910F2 /* MPViewController.h */ = {isa = PBXFileReference; lastKnownFileType = sourcecode.c.h; path = MPViewController.h; sourceTree = "<group>"; };
		DED1536E1934BC2400F910F2 /* MPViewController.m */ = {isa = PBXFileReference; lastKnownFileType = sourcecode.c.objc; path = MPViewController.m; sourceTree = "<group>"; };
		DED153701934BC2400F910F2 /* Images.xcassets */ = {isa = PBXFileReference; lastKnownFileType = folder.assetcatalog; path = Images.xcassets; sourceTree = "<group>"; };
		DED153761934BC2400F910F2 /* MPTextRevealTests.xctest */ = {isa = PBXFileReference; explicitFileType = wrapper.cfbundle; includeInIndex = 0; path = MPTextRevealTests.xctest; sourceTree = BUILT_PRODUCTS_DIR; };
		DED153771934BC2400F910F2 /* XCTest.framework */ = {isa = PBXFileReference; lastKnownFileType = wrapper.framework; name = XCTest.framework; path = Library/Frameworks/XCTest.framework; sourceTree = DEVELOPER_DIR; };
		DED1537F1934BC2400F910F2 /* MPTextRevealTests-Info.plist */ = {isa = PBXFileReference; lastKnownFileType = text.plist.xml; path = "MPTextRevealTests-Info.plist"; sourceTree = "<group>"; };
		DED153811934BC2400F910F2 /* en */ = {isa = PBXFileReference; lastKnownFileType = text.plist.strings; name = en; path = en.lproj/InfoPlist.strings; sourceTree = "<group>"; };
		DED153831934BC2400F910F2 /* MPTextRevealTests.m */ = {isa = PBXFileReference; lastKnownFileType = sourcecode.c.objc; path = MPTextRevealTests.m; sourceTree = "<group>"; };
		DED1538D1934BC3F00F910F2 /* MPTextReavealLabel.h */ = {isa = PBXFileReference; fileEncoding = 4; lastKnownFileType = sourcecode.c.h; name = MPTextReavealLabel.h; path = ../MPTextReavealLabel.h; sourceTree = "<group>"; };
		DED1538E1934BC3F00F910F2 /* MPTextReavealLabel.m */ = {isa = PBXFileReference; fileEncoding = 4; lastKnownFileType = sourcecode.c.objc; name = MPTextReavealLabel.m; path = ../MPTextReavealLabel.m; sourceTree = "<group>"; };
		DED153901934BD2100F910F2 /* CoreText.framework */ = {isa = PBXFileReference; lastKnownFileType = wrapper.framework; name = CoreText.framework; path = System/Library/Frameworks/CoreText.framework; sourceTree = SDKROOT; };
/* End PBXFileReference section */

/* Begin PBXFrameworksBuildPhase section */
		DED153521934BC2400F910F2 /* Frameworks */ = {
			isa = PBXFrameworksBuildPhase;
			buildActionMask = 2147483647;
			files = (
				DED1535B1934BC2400F910F2 /* CoreGraphics.framework in Frameworks */,
				DED1535D1934BC2400F910F2 /* UIKit.framework in Frameworks */,
				DED153591934BC2400F910F2 /* Foundation.framework in Frameworks */,
			);
			runOnlyForDeploymentPostprocessing = 0;
		};
		DED153731934BC2400F910F2 /* Frameworks */ = {
			isa = PBXFrameworksBuildPhase;
			buildActionMask = 2147483647;
			files = (
				DED153781934BC2400F910F2 /* XCTest.framework in Frameworks */,
				DED1537A1934BC2400F910F2 /* UIKit.framework in Frameworks */,
				DED153791934BC2400F910F2 /* Foundation.framework in Frameworks */,
			);
			runOnlyForDeploymentPostprocessing = 0;
		};
/* End PBXFrameworksBuildPhase section */

/* Begin PBXGroup section */
		DED1534C1934BC2400F910F2 = {
			isa = PBXGroup;
			children = (
				DED1535E1934BC2400F910F2 /* MPTextReveal */,
				DED1537D1934BC2400F910F2 /* MPTextRevealTests */,
				DED153571934BC2400F910F2 /* Frameworks */,
				DED153561934BC2400F910F2 /* Products */,
			);
			sourceTree = "<group>";
		};
		DED153561934BC2400F910F2 /* Products */ = {
			isa = PBXGroup;
			children = (
				DED153551934BC2400F910F2 /* MPTextReveal.app */,
				DED153761934BC2400F910F2 /* MPTextRevealTests.xctest */,
			);
			name = Products;
			sourceTree = "<group>";
		};
		DED153571934BC2400F910F2 /* Frameworks */ = {
			isa = PBXGroup;
			children = (
				DED153901934BD2100F910F2 /* CoreText.framework */,
				DED153581934BC2400F910F2 /* Foundation.framework */,
				DED1535A1934BC2400F910F2 /* CoreGraphics.framework */,
				DED1535C1934BC2400F910F2 /* UIKit.framework */,
				DED153771934BC2400F910F2 /* XCTest.framework */,
			);
			name = Frameworks;
			sourceTree = "<group>";
		};
		DED1535E1934BC2400F910F2 /* MPTextReveal */ = {
			isa = PBXGroup;
			children = (
				DED153671934BC2400F910F2 /* MPAppDelegate.h */,
				DED153681934BC2400F910F2 /* MPAppDelegate.m */,
				DED1536A1934BC2400F910F2 /* Main.storyboard */,
				DED1536D1934BC2400F910F2 /* MPViewController.h */,
				DED1536E1934BC2400F910F2 /* MPViewController.m */,
				DED1538D1934BC3F00F910F2 /* MPTextReavealLabel.h */,
				DED1538E1934BC3F00F910F2 /* MPTextReavealLabel.m */,
				DED153701934BC2400F910F2 /* Images.xcassets */,
				DED1535F1934BC2400F910F2 /* Supporting Files */,
			);
			path = MPTextReveal;
			sourceTree = "<group>";
		};
		DED1535F1934BC2400F910F2 /* Supporting Files */ = {
			isa = PBXGroup;
			children = (
				DED153601934BC2400F910F2 /* MPTextReveal-Info.plist */,
				DED153611934BC2400F910F2 /* InfoPlist.strings */,
				DED153641934BC2400F910F2 /* main.m */,
				DED153661934BC2400F910F2 /* MPTextReveal-Prefix.pch */,
			);
			name = "Supporting Files";
			sourceTree = "<group>";
		};
		DED1537D1934BC2400F910F2 /* MPTextRevealTests */ = {
			isa = PBXGroup;
			children = (
				DED153831934BC2400F910F2 /* MPTextRevealTests.m */,
				DED1537E1934BC2400F910F2 /* Supporting Files */,
			);
			path = MPTextRevealTests;
			sourceTree = "<group>";
		};
		DED1537E1934BC2400F910F2 /* Supporting Files */ = {
			isa = PBXGroup;
			children = (
				DED1537F1934BC2400F910F2 /* MPTextRevealTests-Info.plist */,
				DED153801934BC2400F910F2 /* InfoPlist.strings */,
			);
			name = "Supporting Files";
			sourceTree = "<group>";
		};
/* End PBXGroup section */

/* Begin PBXNativeTarget section */
		DED153541934BC2400F910F2 /* MPTextReveal */ = {
			isa = PBXNativeTarget;
			buildConfigurationList = DED153871934BC2400F910F2 /* Build configuration list for PBXNativeTarget "MPTextReveal" */;
			buildPhases = (
				DED153511934BC2400F910F2 /* Sources */,
				DED153521934BC2400F910F2 /* Frameworks */,
				DED153531934BC2400F910F2 /* Resources */,
			);
			buildRules = (
			);
			dependencies = (
			);
			name = MPTextReveal;
			productName = MPTextReveal;
			productReference = DED153551934BC2400F910F2 /* MPTextReveal.app */;
			productType = "com.apple.product-type.application";
		};
		DED153751934BC2400F910F2 /* MPTextRevealTests */ = {
			isa = PBXNativeTarget;
			buildConfigurationList = DED1538A1934BC2400F910F2 /* Build configuration list for PBXNativeTarget "MPTextRevealTests" */;
			buildPhases = (
				DED153721934BC2400F910F2 /* Sources */,
				DED153731934BC2400F910F2 /* Frameworks */,
				DED153741934BC2400F910F2 /* Resources */,
			);
			buildRules = (
			);
			dependencies = (
				DED1537C1934BC2400F910F2 /* PBXTargetDependency */,
			);
			name = MPTextRevealTests;
			productName = MPTextRevealTests;
			productReference = DED153761934BC2400F910F2 /* MPTextRevealTests.xctest */;
			productType = "com.apple.product-type.bundle.unit-test";
		};
/* End PBXNativeTarget section */

/* Begin PBXProject section */
		DED1534D1934BC2400F910F2 /* Project object */ = {
			isa = PBXProject;
			attributes = {
				CLASSPREFIX = MP;
				LastUpgradeCheck = 0510;
				ORGANIZATIONNAME = mpow;
				TargetAttributes = {
					DED153751934BC2400F910F2 = {
						TestTargetID = DED153541934BC2400F910F2;
					};
				};
			};
			buildConfigurationList = DED153501934BC2400F910F2 /* Build configuration list for PBXProject "MPTextReveal" */;
			compatibilityVersion = "Xcode 3.2";
			developmentRegion = English;
			hasScannedForEncodings = 0;
			knownRegions = (
				en,
				Base,
			);
			mainGroup = DED1534C1934BC2400F910F2;
			productRefGroup = DED153561934BC2400F910F2 /* Products */;
			projectDirPath = "";
			projectRoot = "";
			targets = (
				DED153541934BC2400F910F2 /* MPTextReveal */,
				DED153751934BC2400F910F2 /* MPTextRevealTests */,
			);
		};
/* End PBXProject section */

/* Begin PBXResourcesBuildPhase section */
		DED153531934BC2400F910F2 /* Resources */ = {
			isa = PBXResourcesBuildPhase;
			buildActionMask = 2147483647;
			files = (
				DED153711934BC2400F910F2 /* Images.xcassets in Resources */,
				DED153631934BC2400F910F2 /* InfoPlist.strings in Resources */,
				DED1536C1934BC2400F910F2 /* Main.storyboard in Resources */,
			);
			runOnlyForDeploymentPostprocessing = 0;
		};
		DED153741934BC2400F910F2 /* Resources */ = {
			isa = PBXResourcesBuildPhase;
			buildActionMask = 2147483647;
			files = (
				DED153821934BC2400F910F2 /* InfoPlist.strings in Resources */,
			);
			runOnlyForDeploymentPostprocessing = 0;
		};
/* End PBXResourcesBuildPhase section */

/* Begin PBXSourcesBuildPhase section */
		DED153511934BC2400F910F2 /* Sources */ = {
			isa = PBXSourcesBuildPhase;
			buildActionMask = 2147483647;
			files = (
				DED153651934BC2400F910F2 /* main.m in Sources */,
				DED1538F1934BC3F00F910F2 /* MPTextReavealLabel.m in Sources */,
				DED1536F1934BC2400F910F2 /* MPViewController.m in Sources */,
				DED153691934BC2400F910F2 /* MPAppDelegate.m in Sources */,
			);
			runOnlyForDeploymentPostprocessing = 0;
		};
		DED153721934BC2400F910F2 /* Sources */ = {
			isa = PBXSourcesBuildPhase;
			buildActionMask = 2147483647;
			files = (
				DED153841934BC2400F910F2 /* MPTextRevealTests.m in Sources */,
			);
			runOnlyForDeploymentPostprocessing = 0;
		};
/* End PBXSourcesBuildPhase section */

/* Begin PBXTargetDependency section */
		DED1537C1934BC2400F910F2 /* PBXTargetDependency */ = {
			isa = PBXTargetDependency;
			target = DED153541934BC2400F910F2 /* MPTextReveal */;
			targetProxy = DED1537B1934BC2400F910F2 /* PBXContainerItemProxy */;
		};
/* End PBXTargetDependency section */

/* Begin PBXVariantGroup section */
		DED153611934BC2400F910F2 /* InfoPlist.strings */ = {
			isa = PBXVariantGroup;
			children = (
				DED153621934BC2400F910F2 /* en */,
			);
			name = InfoPlist.strings;
			sourceTree = "<group>";
		};
		DED1536A1934BC2400F910F2 /* Main.storyboard */ = {
			isa = PBXVariantGroup;
			children = (
				DED1536B1934BC2400F910F2 /* Base */,
			);
			name = Main.storyboard;
			sourceTree = "<group>";
		};
		DED153801934BC2400F910F2 /* InfoPlist.strings */ = {
			isa = PBXVariantGroup;
			children = (
				DED153811934BC2400F910F2 /* en */,
			);
			name = InfoPlist.strings;
			sourceTree = "<group>";
		};
/* End PBXVariantGroup section */

/* Begin XCBuildConfiguration section */
		DED153851934BC2400F910F2 /* Debug */ = {
			isa = XCBuildConfiguration;
			buildSettings = {
				ALWAYS_SEARCH_USER_PATHS = NO;
				CLANG_CXX_LANGUAGE_STANDARD = "gnu++0x";
				CLANG_CXX_LIBRARY = "libc++";
				CLANG_ENABLE_MODULES = YES;
				CLANG_ENABLE_OBJC_ARC = YES;
				CLANG_WARN_BOOL_CONVERSION = YES;
				CLANG_WARN_CONSTANT_CONVERSION = YES;
				CLANG_WARN_DIRECT_OBJC_ISA_USAGE = YES_ERROR;
				CLANG_WARN_EMPTY_BODY = YES;
				CLANG_WARN_ENUM_CONVERSION = YES;
				CLANG_WARN_INT_CONVERSION = YES;
				CLANG_WARN_OBJC_ROOT_CLASS = YES_ERROR;
				CLANG_WARN__DUPLICATE_METHOD_MATCH = YES;
				"CODE_SIGN_IDENTITY[sdk=iphoneos*]" = "iPhone Developer";
				COPY_PHASE_STRIP = NO;
				GCC_C_LANGUAGE_STANDARD = gnu99;
				GCC_DYNAMIC_NO_PIC = NO;
				GCC_OPTIMIZATION_LEVEL = 0;
				GCC_PREPROCESSOR_DEFINITIONS = (
					"DEBUG=1",
					"$(inherited)",
				);
				GCC_SYMBOLS_PRIVATE_EXTERN = NO;
				GCC_WARN_64_TO_32_BIT_CONVERSION = YES;
				GCC_WARN_ABOUT_RETURN_TYPE = YES_ERROR;
				GCC_WARN_UNDECLARED_SELECTOR = YES;
				GCC_WARN_UNINITIALIZED_AUTOS = YES_AGGRESSIVE;
				GCC_WARN_UNUSED_FUNCTION = YES;
				GCC_WARN_UNUSED_VARIABLE = YES;
				IPHONEOS_DEPLOYMENT_TARGET = 7.1;
				ONLY_ACTIVE_ARCH = YES;
				SDKROOT = iphoneos;
			};
			name = Debug;
		};
		DED153861934BC2400F910F2 /* Release */ = {
			isa = XCBuildConfiguration;
			buildSettings = {
				ALWAYS_SEARCH_USER_PATHS = NO;
				CLANG_CXX_LANGUAGE_STANDARD = "gnu++0x";
				CLANG_CXX_LIBRARY = "libc++";
				CLANG_ENABLE_MODULES = YES;
				CLANG_ENABLE_OBJC_ARC = YES;
				CLANG_WARN_BOOL_CONVERSION = YES;
				CLANG_WARN_CONSTANT_CONVERSION = YES;
				CLANG_WARN_DIRECT_OBJC_ISA_USAGE = YES_ERROR;
				CLANG_WARN_EMPTY_BODY = YES;
				CLANG_WARN_ENUM_CONVERSION = YES;
				CLANG_WARN_INT_CONVERSION = YES;
				CLANG_WARN_OBJC_ROOT_CLASS = YES_ERROR;
				CLANG_WARN__DUPLICATE_METHOD_MATCH = YES;
				"CODE_SIGN_IDENTITY[sdk=iphoneos*]" = "iPhone Developer";
				COPY_PHASE_STRIP = YES;
				ENABLE_NS_ASSERTIONS = NO;
				GCC_C_LANGUAGE_STANDARD = gnu99;
				GCC_WARN_64_TO_32_BIT_CONVERSION = YES;
				GCC_WARN_ABOUT_RETURN_TYPE = YES_ERROR;
				GCC_WARN_UNDECLARED_SELECTOR = YES;
				GCC_WARN_UNINITIALIZED_AUTOS = YES_AGGRESSIVE;
				GCC_WARN_UNUSED_FUNCTION = YES;
				GCC_WARN_UNUSED_VARIABLE = YES;
				IPHONEOS_DEPLOYMENT_TARGET = 7.1;
				SDKROOT = iphoneos;
				VALIDATE_PRODUCT = YES;
			};
			name = Release;
		};
		DED153881934BC2400F910F2 /* Debug */ = {
			isa = XCBuildConfiguration;
			buildSettings = {
				ASSETCATALOG_COMPILER_APPICON_NAME = AppIcon;
				ASSETCATALOG_COMPILER_LAUNCHIMAGE_NAME = LaunchImage;
				GCC_PRECOMPILE_PREFIX_HEADER = YES;
				GCC_PREFIX_HEADER = "MPTextReveal/MPTextReveal-Prefix.pch";
				INFOPLIST_FILE = "MPTextReveal/MPTextReveal-Info.plist";
				PRODUCT_NAME = "$(TARGET_NAME)";
				WRAPPER_EXTENSION = app;
			};
			name = Debug;
		};
		DED153891934BC2400F910F2 /* Release */ = {
			isa = XCBuildConfiguration;
			buildSettings = {
				ASSETCATALOG_COMPILER_APPICON_NAME = AppIcon;
				ASSETCATALOG_COMPILER_LAUNCHIMAGE_NAME = LaunchImage;
				GCC_PRECOMPILE_PREFIX_HEADER = YES;
				GCC_PREFIX_HEADER = "MPTextReveal/MPTextReveal-Prefix.pch";
				INFOPLIST_FILE = "MPTextReveal/MPTextReveal-Info.plist";
				PRODUCT_NAME = "$(TARGET_NAME)";
				WRAPPER_EXTENSION = app;
			};
			name = Release;
		};
		DED1538B1934BC2400F910F2 /* Debug */ = {
			isa = XCBuildConfiguration;
			buildSettings = {
				BUNDLE_LOADER = "$(BUILT_PRODUCTS_DIR)/MPTextReveal.app/MPTextReveal";
				FRAMEWORK_SEARCH_PATHS = (
					"$(SDKROOT)/Developer/Library/Frameworks",
					"$(inherited)",
					"$(DEVELOPER_FRAMEWORKS_DIR)",
				);
				GCC_PRECOMPILE_PREFIX_HEADER = YES;
				GCC_PREFIX_HEADER = "MPTextReveal/MPTextReveal-Prefix.pch";
				GCC_PREPROCESSOR_DEFINITIONS = (
					"DEBUG=1",
					"$(inherited)",
				);
				INFOPLIST_FILE = "MPTextRevealTests/MPTextRevealTests-Info.plist";
				PRODUCT_NAME = "$(TARGET_NAME)";
				TEST_HOST = "$(BUNDLE_LOADER)";
				WRAPPER_EXTENSION = xctest;
			};
			name = Debug;
		};
		DED1538C1934BC2400F910F2 /* Release */ = {
			isa = XCBuildConfiguration;
			buildSettings = {
				BUNDLE_LOADER = "$(BUILT_PRODUCTS_DIR)/MPTextReveal.app/MPTextReveal";
				FRAMEWORK_SEARCH_PATHS = (
					"$(SDKROOT)/Developer/Library/Frameworks",
					"$(inherited)",
					"$(DEVELOPER_FRAMEWORKS_DIR)",
				);
				GCC_PRECOMPILE_PREFIX_HEADER = YES;
				GCC_PREFIX_HEADER = "MPTextReveal/MPTextReveal-Prefix.pch";
				INFOPLIST_FILE = "MPTextRevealTests/MPTextRevealTests-Info.plist";
				PRODUCT_NAME = "$(TARGET_NAME)";
				TEST_HOST = "$(BUNDLE_LOADER)";
				WRAPPER_EXTENSION = xctest;
			};
			name = Release;
		};
/* End XCBuildConfiguration section */

/* Begin XCConfigurationList section */
		DED153501934BC2400F910F2 /* Build configuration list for PBXProject "MPTextReveal" */ = {
			isa = XCConfigurationList;
			buildConfigurations = (
				DED153851934BC2400F910F2 /* Debug */,
				DED153861934BC2400F910F2 /* Release */,
			);
			defaultConfigurationIsVisible = 0;
			defaultConfigurationName = Release;
		};
		DED153871934BC2400F910F2 /* Build configuration list for PBXNativeTarget "MPTextReveal" */ = {
			isa = XCConfigurationList;
			buildConfigurations = (
				DED153881934BC2400F910F2 /* Debug */,
				DED153891934BC2400F910F2 /* Release */,
			);
			defaultConfigurationIsVisible = 0;
			defaultConfigurationName = Release;
		};
		DED1538A1934BC2400F910F2 /* Build configuration list for PBXNativeTarget "MPTextRevealTests" */ = {
			isa = XCConfigurationList;
			buildConfigurations = (
				DED1538B1934BC2400F910F2 /* Debug */,
				DED1538C1934BC2400F910F2 /* Release */,
			);
			defaultConfigurationIsVisible = 0;
			defaultConfigurationName = Release;
		};
/* End XCConfigurationList section */
	};
	rootObject = DED1534D1934BC2400F910F2 /* Project object */;
}
